{
  "originHash" : "8cb8387d99e5e40639166cd88245832a8c50b1d4b9cfc3ce8cb3f78ab7497c82",
  "pins" : [
    {
      "identity" : "daily-client-ios",
      "kind" : "remoteSourceControl",
      "location" : "https://github.com/daily-co/daily-client-ios.git",
      "state" : {
        "revision" : "d0f4f54cadbfd5b69c82b8a56f14ad1c7e91e248",
        "version" : "0.24.0"
      }
    },
    {
      "identity" : "rtvi-client-ios",
      "kind" : "remoteSourceControl",
      "location" : "https://github.com/rtvi-ai/rtvi-client-ios.git",
      "state" : {
        "revision" : "760caa8a2609fe4600d4b0ad7da03359407cf7a8",
        "version" : "0.2.0"
      }
    },
    {
      "identity" : "rtvi-client-ios-daily",
      "kind" : "remoteSourceControl",
      "location" : "https://github.com/rtvi-ai/rtvi-client-ios-daily",
      "state" : {
        "revision" : "c5bc77ef1670493420c4db14142ad6b4f7224499",
        "version" : "0.2.0"
      }
    }
  ],
  "version" : 3
}
