{
  "originHash" : "8cb8387d99e5e40639166cd88245832a8c50b1d4b9cfc3ce8cb3f78ab7497c82",
  "pins" : [
    {
      "identity" : "daily-client-ios",
      "kind" : "remoteSourceControl",
      "location" : "https://github.com/daily-co/daily-client-ios.git",
      "state" : {
        "revision" : "e42038400233ada3c361d7a96c4e602aaedee369",
        "version" : "0.23.0"
      }
    },
    {
      "identity" : "rtvi-client-ios",
      "kind" : "remoteSourceControl",
      "location" : "https://github.com/rtvi-ai/rtvi-client-ios.git",
      "state" : {
        "revision" : "2df4a5cc2c8ff17ff5a404adf156503a38a74aa5",
        "version" : "0.1.6"
      }
    },
    {
      "identity" : "rtvi-client-ios-daily",
      "kind" : "remoteSourceControl",
      "location" : "https://github.com/rtvi-ai/rtvi-client-ios-daily",
      "state" : {
        "revision" : "69506fb84847bffe1e128e3baf37341221ced01b",
        "version" : "0.1.6"
      }
    }
  ],
  "version" : 3
}
