{
  "originHash" : "8cb8387d99e5e40639166cd88245832a8c50b1d4b9cfc3ce8cb3f78ab7497c82",
  "pins" : [
    {
      "identity" : "daily-client-ios",
      "kind" : "remoteSourceControl",
      "location" : "https://github.com/daily-co/daily-client-ios.git",
      "state" : {
        "revision" : "1b84803a17766240007f11c553ca7debbfcef33b",
        "version" : "0.22.0"
      }
    },
    {
      "identity" : "rtvi-client-ios",
      "kind" : "remoteSourceControl",
      "location" : "https://github.com/rtvi-ai/rtvi-client-ios.git",
      "state" : {
        "revision" : "cb4bcd302b7991822bfeabbde23501a00c1cf752",
        "version" : "0.1.2"
      }
    },
    {
      "identity" : "rtvi-client-ios-daily",
      "kind" : "remoteSourceControl",
      "location" : "https://github.com/rtvi-ai/rtvi-client-ios-daily",
      "state" : {
        "revision" : "d1f77c9e5188bb7228e99ff27633ede0ec6c95d3",
        "version" : "0.1.2"
      }
    }
  ],
  "version" : 3
}
