{
  "originHash" : "8cb8387d99e5e40639166cd88245832a8c50b1d4b9cfc3ce8cb3f78ab7497c82",
  "pins" : [
    {
      "identity" : "daily-client-ios",
      "kind" : "remoteSourceControl",
      "location" : "https://github.com/daily-co/daily-client-ios.git",
      "state" : {
        "revision" : "1b84803a17766240007f11c553ca7debbfcef33b",
        "version" : "0.22.0"
      }
    },
    {
      "identity" : "rtvi-client-ios",
      "kind" : "remoteSourceControl",
      "location" : "https://github.com/rtvi-ai/rtvi-client-ios.git",
      "state" : {
        "revision" : "6dcf1d8de9895f11d34ab93800bbb3ccb6c5decb",
        "version" : "0.1.4"
      }
    },
    {
      "identity" : "rtvi-client-ios-daily",
      "kind" : "remoteSourceControl",
      "location" : "https://github.com/rtvi-ai/rtvi-client-ios-daily",
      "state" : {
        "revision" : "da73b9a21a83ccd9e5744042789260af594a33db",
        "version" : "0.1.4"
      }
    }
  ],
  "version" : 3
}
